
Microsoft Visual Studio Solution File, Format Version 12.00
# Visual Studio Version 16
VisualStudioVersion = 25.0.1706.4
MinimumVisualStudioVersion = 10.0.40219.1
Project("{FAE04EC0-301F-11D3-BF4B-00C04F79EFBC}") = "NotShop", "NotShop\NotShop.csproj", "{57C144F7-7A2E-479B-A7B2-CA7C81711B85}"
EndProject
Project("{FAE04EC0-301F-11D3-BF4B-00C04F79EFBC}") = "StoreTest", "tests\StoreTest\StoreTest.csproj", "{33B1C24E-F82A-4607-A8D6-399EB590DD5C}"
EndProject
Global
	GlobalSection(SolutionConfigurationPlatforms) = preSolution
		Debug|Any CPU = Debug|Any CPU
		Release|Any CPU = Release|Any CPU
	EndGlobalSection
	GlobalSection(ProjectConfigurationPlatforms) = postSolution
		{57C144F7-7A2E-479B-A7B2-CA7C81711B85}.Debug|Any CPU.ActiveCfg = Debug|Any CPU
		{57C144F7-7A2E-479B-A7B2-CA7C81711B85}.Debug|Any CPU.Build.0 = Debug|Any CPU
		{57C144F7-7A2E-479B-A7B2-CA7C81711B85}.Release|Any CPU.ActiveCfg = Release|Any CPU
		{57C144F7-7A2E-479B-A7B2-CA7C81711B85}.Release|Any CPU.Build.0 = Release|Any CPU
		{33B1C24E-F82A-4607-A8D6-399EB590DD5C}.Debug|Any CPU.ActiveCfg = Debug|Any CPU
		{33B1C24E-F82A-4607-A8D6-399EB590DD5C}.Debug|Any CPU.Build.0 = Debug|Any CPU
		{33B1C24E-F82A-4607-A8D6-399EB590DD5C}.Release|Any CPU.ActiveCfg = Release|Any CPU
		{33B1C24E-F82A-4607-A8D6-399EB590DD5C}.Release|Any CPU.Build.0 = Release|Any CPU
	EndGlobalSection
	GlobalSection(SolutionProperties) = preSolution
		HideSolutionNode = FALSE
	EndGlobalSection
	GlobalSection(ExtensibilityGlobals) = postSolution
		SolutionGuid = {B9C8E360-D6C1-4E8E-906F-E3B6B1ECC16A}
	EndGlobalSection
EndGlobal
